<Solution>
  <Folder Name="/src/">
    <Project Path="src/TouchFish.App/TouchFish.App.csproj" />
    <Project Path="src/TouchFish.Contracts/TouchFish.Contracts.csproj" />
    <Project Path="src/TouchFish.Platform.Windows/TouchFish.Platform.Windows.csproj" />
  </Folder>
  <Folder Name="/src/Modules/">
    <Project Path="src/Modules/TouchFish.Modules.BossKey.Core/TouchFish.Modules.BossKey.Core.csproj" />
    <Project Path="src/Modules/TouchFish.Modules.BossKey/TouchFish.Modules.BossKey.csproj" />
  </Folder>
  <Folder Name="/tests/">
    <Project Path="tests/TouchFish.Modules.BossKey.Tests/TouchFish.Modules.BossKey.Tests.csproj" />
  </Folder>
</Solution>
